{
  "version": 4,
  "terraform_version": "1.3.6",
  "serial": 55,
  "lineage": "c6771174-22fe-aa5d-2f28-d3fa03d38ed0",
  "outputs": {},
  "resources": [
    {
      "module": "module.mig",
      "mode": "data",
      "type": "google_compute_image",
      "name": "my_image",
      "provider": "provider[\"registry.terraform.io/hashicorp/google\"]",
      "instances": [
        {
          "schema_version": 0,
          "attributes": {
            "archive_size_bytes": 1679224320,
            "creation_timestamp": "2023-03-06T12:57:17.193-08:00",
            "description": "Debian, Debian GNU/Linux, 11 (bullseye), amd64 built on 20230306, supports Shielded VM features",
            "disk_size_gb": 10,
            "family": "debian-11",
            "filter": null,
            "id": "projects/debian-cloud/global/images/debian-11-bullseye-v20230306",
            "image_encryption_key_sha256": "",
            "image_id": "7157337275614620995",
            "label_fingerprint": "42WmSpB8rSM=",
            "labels": {},
            "licenses": [
              "https://www.googleapis.com/compute/v1/projects/debian-cloud/global/licenses/debian-11-bullseye"
            ],
            "name": "debian-11-bullseye-v20230306",
            "project": "debian-cloud",
            "self_link": "https://www.googleapis.com/compute/v1/projects/debian-cloud/global/images/debian-11-bullseye-v20230306",
            "source_disk": "",
            "source_disk_encryption_key_sha256": "",
            "source_disk_id": "",
            "source_image_id": "",
            "status": "READY"
          },
          "sensitive_attributes": []
        }
      ]
    },
    {
      "module": "module.mig",
      "mode": "managed",
      "type": "google_compute_instance_template",
      "name": "default",
      "provider": "provider[\"registry.terraform.io/hashicorp/google\"]",
      "instances": [
        {
          "schema_version": 1,
          "attributes": {
            "advanced_machine_features": [],
            "can_ip_forward": false,
            "confidential_instance_config": [],
            "description": "",
            "disk": [
              {
                "auto_delete": true,
                "boot": true,
                "device_name": "persistent-disk-0",
                "disk_encryption_key": [],
                "disk_name": "",
                "disk_size_gb": 0,
                "disk_type": "pd-standard",
                "interface": "SCSI",
                "labels": {},
                "mode": "READ_WRITE",
                "resource_policies": [],
                "source": "",
                "source_image": "projects/debian-cloud/global/images/debian-11-bullseye-v20230306",
                "source_image_encryption_key": [],
                "source_snapshot": "",
                "source_snapshot_encryption_key": [],
                "type": "PERSISTENT"
              }
            ],
            "guest_accelerator": [],
            "id": "projects/playground-s-11-1c4ce5bf/global/instanceTemplates/instance-template-20230323104846541300000001",
            "instance_description": "",
            "labels": null,
            "machine_type": "e2-medium",
            "metadata": {},
            "metadata_fingerprint": "f2fpjzim5uo=",
            "metadata_startup_script": null,
            "min_cpu_platform": "",
            "name": "instance-template-20230323104846541300000001",
            "name_prefix": "instance-template-",
            "network_interface": [
              {
                "access_config": [],
                "alias_ip_range": [],
                "ipv6_access_config": [],
                "ipv6_access_type": "",
                "name": "nic0",
                "network": "https://www.googleapis.com/compute/v1/projects/playground-s-11-1c4ce5bf/global/networks/default",
                "network_ip": "",
                "nic_type": "",
                "queue_count": 0,
                "stack_type": "",
                "subnetwork": "",
                "subnetwork_project": ""
              }
            ],
            "project": "playground-s-11-1c4ce5bf",
            "region": null,
            "reservation_affinity": [],
            "resource_policies": null,
            "scheduling": [
              {
                "automatic_restart": true,
                "instance_termination_action": "",
                "min_node_cpus": 0,
                "node_affinities": [],
                "on_host_maintenance": "MIGRATE",
                "preemptible": false,
                "provisioning_model": "STANDARD"
              }
            ],
            "self_link": "https://www.googleapis.com/compute/v1/projects/playground-s-11-1c4ce5bf/global/instanceTemplates/instance-template-20230323104846541300000001",
            "service_account": [],
            "shielded_instance_config": [],
            "tags": [],
            "tags_fingerprint": "",
            "timeouts": null
          },
          "sensitive_attributes": [],
          "private": "eyJlMmJmYjczMC1lY2FhLTExZTYtOGY4OC0zNDM2M2JjN2M0YzAiOnsiY3JlYXRlIjoyNDAwMDAwMDAwMDAsImRlbGV0ZSI6MjQwMDAwMDAwMDAwfSwic2NoZW1hX3ZlcnNpb24iOiIxIn0=",
          "dependencies": [
            "module.mig.data.google_compute_image.my_image"
          ],
          "create_before_destroy": true
        }
      ]
    },
    {
      "module": "module.mig",
      "mode": "managed",
      "type": "google_compute_region_disk",
      "name": "regiondisk",
      "provider": "provider[\"registry.terraform.io/hashicorp/google\"]",
      "instances": [
        {
          "schema_version": 0,
          "attributes": {
            "creation_timestamp": "2023-03-23T03:16:16.242-07:00",
            "description": "",
            "disk_encryption_key": [],
            "id": "projects/playground-s-11-1c4ce5bf/regions/us-central1/disks/regionaldisk",
            "label_fingerprint": "42WmSpB8rSM=",
            "labels": {},
            "last_attach_timestamp": "2023-03-23T03:16:48.322-07:00",
            "last_detach_timestamp": "",
            "name": "regionaldisk",
            "physical_block_size_bytes": 4096,
            "project": "playground-s-11-1c4ce5bf",
            "region": "us-central1",
            "replica_zones": [
              "https://www.googleapis.com/compute/v1/projects/playground-s-11-1c4ce5bf/zones/us-central1-c",
              "https://www.googleapis.com/compute/v1/projects/playground-s-11-1c4ce5bf/zones/us-central1-f"
            ],
            "self_link": "https://www.googleapis.com/compute/v1/projects/playground-s-11-1c4ce5bf/regions/us-central1/disks/regionaldisk",
            "size": 100,
            "snapshot": "",
            "source_disk": "",
            "source_disk_id": "",
            "source_snapshot_encryption_key": [],
            "source_snapshot_id": "",
            "timeouts": null,
            "type": "pd-ssd",
            "users": [
              "https://www.googleapis.com/compute/v1/projects/playground-s-11-1c4ce5bf/zones/us-central1-f/instances/instance-1"
            ]
          },
          "sensitive_attributes": [],
          "private": "eyJlMmJmYjczMC1lY2FhLTExZTYtOGY4OC0zNDM2M2JjN2M0YzAiOnsiY3JlYXRlIjoxMjAwMDAwMDAwMDAwLCJkZWxldGUiOjEyMDAwMDAwMDAwMDAsInVwZGF0ZSI6MTIwMDAwMDAwMDAwMH19"
        }
      ]
    },
    {
      "module": "module.mig",
      "mode": "managed",
      "type": "google_compute_region_instance_group_manager",
      "name": "regional_instance_group_manager",
      "provider": "provider[\"registry.terraform.io/hashicorp/google\"]",
      "instances": [
        {
          "schema_version": 0,
          "attributes": {
            "auto_healing_policies": [],
            "base_instance_name": "instance-name",
            "description": "terraform instance group manager",
            "distribution_policy_target_shape": "BALANCED",
            "distribution_policy_zones": [
              "us-central1-b",
              "us-central1-c",
              "us-central1-f"
            ],
            "fingerprint": "WPHamhz5Qy4=",
            "id": "projects/playground-s-11-1c4ce5bf/regions/us-central1/instanceGroupManagers/regional-instance-group-manager",
            "instance_group": "https://www.googleapis.com/compute/v1/projects/playground-s-11-1c4ce5bf/regions/us-central1/instanceGroups/regional-instance-group-manager",
            "list_managed_instances_results": "PAGELESS",
            "name": "regional-instance-group-manager",
            "named_port": [],
            "project": "playground-s-11-1c4ce5bf",
            "region": "us-central1",
            "self_link": "https://www.googleapis.com/compute/v1/projects/playground-s-11-1c4ce5bf/regions/us-central1/instanceGroupManagers/regional-instance-group-manager",
            "stateful_disk": [],
            "status": [
              {
                "is_stable": true,
                "stateful": [
                  {
                    "has_stateful_config": false,
                    "per_instance_configs": [
                      {
                        "all_effective": true
                      }
                    ]
                  }
                ],
                "version_target": [
                  {
                    "is_reached": true
                  }
                ]
              }
            ],
            "target_pools": null,
            "target_size": 2,
            "timeouts": null,
            "update_policy": [
              {
                "instance_redistribution_type": "NONE",
                "max_surge_fixed": 0,
                "max_surge_percent": 0,
                "max_unavailable_fixed": 3,
                "max_unavailable_percent": 0,
                "minimal_action": "REPLACE",
                "most_disruptive_allowed_action": "REPLACE",
                "replacement_method": "RECREATE",
                "type": "PROACTIVE"
              }
            ],
            "version": [
              {
                "instance_template": "https://www.googleapis.com/compute/v1/projects/playground-s-11-1c4ce5bf/global/instanceTemplates/instance-template-20230323104846541300000001",
                "name": "",
                "target_size": []
              }
            ],
            "wait_for_instances": false,
            "wait_for_instances_status": "STABLE"
          },
          "sensitive_attributes": [],
          "private": "eyJlMmJmYjczMC1lY2FhLTExZTYtOGY4OC0zNDM2M2JjN2M0YzAiOnsiY3JlYXRlIjo5MDAwMDAwMDAwMDAsImRlbGV0ZSI6OTAwMDAwMDAwMDAwLCJ1cGRhdGUiOjkwMDAwMDAwMDAwMH19",
          "dependencies": [
            "module.mig.google_compute_instance_template.default"
          ]
        }
      ]
    },
    {
      "module": "module.mig",
      "mode": "managed",
      "type": "google_compute_region_per_instance_config",
      "name": "with_disk",
      "provider": "provider[\"registry.terraform.io/hashicorp/google\"]",
      "instances": [
        {
          "schema_version": 0,
          "attributes": {
            "id": "playground-s-11-1c4ce5bf/us-central1/regional-instance-group-manager/instance-1",
            "minimal_action": "NONE",
            "most_disruptive_allowed_action": "RESTART",
            "name": "instance-1",
            "preserved_state": [
              {
                "disk": [
                  {
                    "delete_rule": "NEVER",
                    "device_name": "my-stateful-disk",
                    "mode": "READ_WRITE",
                    "source": "projects/playground-s-11-1c4ce5bf/regions/us-central1/disks/regionaldisk"
                  }
                ],
                "metadata": {
                  "instance_template": "https://www.googleapis.com/compute/v1/projects/playground-s-11-1c4ce5bf/global/instanceTemplates/instance-template-20230323104846541300000001"
                }
              }
            ],
            "project": "playground-s-11-1c4ce5bf",
            "region": "us-central1",
            "region_instance_group_manager": "regional-instance-group-manager",
            "remove_instance_state_on_destroy": false,
            "timeouts": null
          },
          "sensitive_attributes": [],
          "private": "eyJlMmJmYjczMC1lY2FhLTExZTYtOGY4OC0zNDM2M2JjN2M0YzAiOnsiY3JlYXRlIjoxMjAwMDAwMDAwMDAwLCJkZWxldGUiOjEyMDAwMDAwMDAwMDAsInVwZGF0ZSI6MTIwMDAwMDAwMDAwMH19",
          "dependencies": [
            "module.mig.google_compute_instance_template.default",
            "module.mig.google_compute_region_disk.regiondisk",
            "module.mig.google_compute_region_instance_group_manager.regional_instance_group_manager"
          ]
        }
      ]
    }
  ],
  "check_results": null
}
